
Microsoft Visual Studio Solution File, Format Version 12.00
# Visual Studio Version 17
VisualStudioVersion = 17.0.32002.185
MinimumVisualStudioVersion = 10.0.40219.1
Project("{FAE04EC0-301F-11D3-BF4B-00C04F79EFBC}") = "WpfApp2", "WpfApp2\WpfApp2.csproj", "{55275B2C-0F6E-459A-A458-EBD7134073F1}"
EndProject
Global
	GlobalSection(SolutionConfigurationPlatforms) = preSolution
		Debug|Any CPU = Debug|Any CPU
		Release|Any CPU = Release|Any CPU
	EndGlobalSection
	GlobalSection(ProjectConfigurationPlatforms) = postSolution
		{55275B2C-0F6E-459A-A458-EBD7134073F1}.Debug|Any CPU.ActiveCfg = Debug|Any CPU
		{55275B2C-0F6E-459A-A458-EBD7134073F1}.Debug|Any CPU.Build.0 = Debug|Any CPU
		{55275B2C-0F6E-459A-A458-EBD7134073F1}.Release|Any CPU.ActiveCfg = Release|Any CPU
		{55275B2C-0F6E-459A-A458-EBD7134073F1}.Release|Any CPU.Build.0 = Release|Any CPU
	EndGlobalSection
	GlobalSection(SolutionProperties) = preSolution
		HideSolutionNode = FALSE
	EndGlobalSection
	GlobalSection(ExtensibilityGlobals) = postSolution
		SolutionGuid = {CC351BE5-E96A-400C-88A3-7C93AFA4EE8B}
	EndGlobalSection
EndGlobal
